
Microsoft Visual Studio Solution File, Format Version 12.00
# Visual Studio Version 17
VisualStudioVersion = 17.10.34928.147
MinimumVisualStudioVersion = 10.0.40219.1
Project("{FAE04EC0-301F-11D3-BF4B-00C04F79EFBC}") = "bancoDeDados", "bancoDeDados\bancoDeDados.csproj", "{5E9D593F-8B14-4E29-A14E-A5C3FCA922DC}"
EndProject
Global
	GlobalSection(SolutionConfigurationPlatforms) = preSolution
		Debug|Any CPU = Debug|Any CPU
		Release|Any CPU = Release|Any CPU
	EndGlobalSection
	GlobalSection(ProjectConfigurationPlatforms) = postSolution
		{5E9D593F-8B14-4E29-A14E-A5C3FCA922DC}.Debug|Any CPU.ActiveCfg = Debug|Any CPU
		{5E9D593F-8B14-4E29-A14E-A5C3FCA922DC}.Debug|Any CPU.Build.0 = Debug|Any CPU
		{5E9D593F-8B14-4E29-A14E-A5C3FCA922DC}.Release|Any CPU.ActiveCfg = Release|Any CPU
		{5E9D593F-8B14-4E29-A14E-A5C3FCA922DC}.Release|Any CPU.Build.0 = Release|Any CPU
	EndGlobalSection
	GlobalSection(SolutionProperties) = preSolution
		HideSolutionNode = FALSE
	EndGlobalSection
	GlobalSection(ExtensibilityGlobals) = postSolution
		SolutionGuid = {8A88C98D-7575-4238-8069-5CEEA028E02C}
	EndGlobalSection
EndGlobal
